
Microsoft Visual Studio Solution File, Format Version 12.00
# Visual Studio Version 16
VisualStudioVersion = 16.0.31624.102
MinimumVisualStudioVersion = 10.0.40219.1
Project("{9A19103F-16F7-4668-BE54-9A1E7A4F7556}") = "ShopBridge", "ShopBridge\ShopBridge.csproj", "{A0CC4CFB-FA0E-454D-95AE-E7CD4B63AC2D}"
EndProject
Project("{FAE04EC0-301F-11D3-BF4B-00C04F79EFBC}") = "ShopBridge.UnitTests", "ShopBridge.UnitTests\ShopBridge.UnitTests.csproj", "{42A9CF58-B667-4C51-9539-43DBB8B34BD0}"
EndProject
Global
	GlobalSection(SolutionConfigurationPlatforms) = preSolution
		Debug|Any CPU = Debug|Any CPU
		Release|Any CPU = Release|Any CPU
	EndGlobalSection
	GlobalSection(ProjectConfigurationPlatforms) = postSolution
		{A0CC4CFB-FA0E-454D-95AE-E7CD4B63AC2D}.Debug|Any CPU.ActiveCfg = Debug|Any CPU
		{A0CC4CFB-FA0E-454D-95AE-E7CD4B63AC2D}.Debug|Any CPU.Build.0 = Debug|Any CPU
		{A0CC4CFB-FA0E-454D-95AE-E7CD4B63AC2D}.Release|Any CPU.ActiveCfg = Release|Any CPU
		{A0CC4CFB-FA0E-454D-95AE-E7CD4B63AC2D}.Release|Any CPU.Build.0 = Release|Any CPU
		{42A9CF58-B667-4C51-9539-43DBB8B34BD0}.Debug|Any CPU.ActiveCfg = Debug|Any CPU
		{42A9CF58-B667-4C51-9539-43DBB8B34BD0}.Debug|Any CPU.Build.0 = Debug|Any CPU
		{42A9CF58-B667-4C51-9539-43DBB8B34BD0}.Release|Any CPU.ActiveCfg = Release|Any CPU
		{42A9CF58-B667-4C51-9539-43DBB8B34BD0}.Release|Any CPU.Build.0 = Release|Any CPU
	EndGlobalSection
	GlobalSection(SolutionProperties) = preSolution
		HideSolutionNode = FALSE
	EndGlobalSection
	GlobalSection(ExtensibilityGlobals) = postSolution
		SolutionGuid = {40F0A911-1000-472C-8C9D-326B761668FC}
	EndGlobalSection
EndGlobal
